
Microsoft Visual Studio Solution File, Format Version 12.00
# Visual Studio 15
Project("{FAE04EC0-301F-11D3-BF4B-00C04F79EFBC}") = "UniHumanoid", "UniHumanoid.csproj", "{E13D6C1A-3765-811C-3E04-75C99A981766}"
EndProject
Project("{FAE04EC0-301F-11D3-BF4B-00C04F79EFBC}") = "SpringBoneJobs", "SpringBoneJobs.csproj", "{C638019F-A48F-9784-6C37-D8D0046E7E6E}"
EndProject
Project("{FAE04EC0-301F-11D3-BF4B-00C04F79EFBC}") = "UniGLTF.Editor", "UniGLTF.Editor.csproj", "{0E1E7C55-B6CF-8B7F-15EA-F82D1779EBCA}"
EndProject
Project("{FAE04EC0-301F-11D3-BF4B-00C04F79EFBC}") = "UniGLTF", "UniGLTF.csproj", "{F068A770-47CC-A304-47B6-72A90C308A0F}"
EndProject
Project("{FAE04EC0-301F-11D3-BF4B-00C04F79EFBC}") = "VRM", "VRM.csproj", "{911A2756-D271-EFE0-8EE6-4A5A7FDF0E27}"
EndProject
Project("{FAE04EC0-301F-11D3-BF4B-00C04F79EFBC}") = "UniGLTF.Tests", "UniGLTF.Tests.csproj", "{72EFF68A-F746-959E-9446-6557D82357CD}"
EndProject
Project("{FAE04EC0-301F-11D3-BF4B-00C04F79EFBC}") = "MToon", "MToon.csproj", "{C73A509E-5FB9-9537-7449-CD016FB28CE8}"
EndProject
Project("{FAE04EC0-301F-11D3-BF4B-00C04F79EFBC}") = "UniVRM.Editor", "UniVRM.Editor.csproj", "{26CF6314-00A6-391E-BDC8-3AFA92019592}"
EndProject
Project("{FAE04EC0-301F-11D3-BF4B-00C04F79EFBC}") = "VRM.Tests", "VRM.Tests.csproj", "{2F23F343-9350-5AEF-ABA6-DA9C6E4468CC}"
EndProject
Project("{FAE04EC0-301F-11D3-BF4B-00C04F79EFBC}") = "MToon.Editor", "MToon.Editor.csproj", "{05FDDE06-CF47-A7FF-96D7-2FFC7F881E4F}"
EndProject
Project("{FAE04EC0-301F-11D3-BF4B-00C04F79EFBC}") = "UniHumanoid.Editor", "UniHumanoid.Editor.csproj", "{5AFFD762-F077-D029-C36B-7F3206C8B20F}"
EndProject
Project("{FAE04EC0-301F-11D3-BF4B-00C04F79EFBC}") = "VRM.Samples.Editor.Tests", "VRM.Samples.Editor.Tests.csproj", "{23638C4A-331E-6C05-939B-56B02EA17853}"
EndProject
Project("{FAE04EC0-301F-11D3-BF4B-00C04F79EFBC}") = "Assembly-CSharp", "Assembly-CSharp.csproj", "{DAD67CA3-F6B8-B47D-A58E-6303CFB42D3E}"
EndProject
Project("{FAE04EC0-301F-11D3-BF4B-00C04F79EFBC}") = "UniGLTF.UniUnlit", "UniGLTF.UniUnlit.csproj", "{1374C9C5-DDC4-7EFB-3602-BE1BCCE483BE}"
EndProject
Project("{FAE04EC0-301F-11D3-BF4B-00C04F79EFBC}") = "UniHumanoid.Editor.Tests", "UniHumanoid.Editor.Tests.csproj", "{208D6F21-5224-3DCC-E034-922AF4DBD659}"
EndProject
Project("{FAE04EC0-301F-11D3-BF4B-00C04F79EFBC}") = "UniGLTF.UniUnlit.Editor", "UniGLTF.UniUnlit.Editor.csproj", "{D5F162FD-7D4D-2332-558F-D856663123CA}"
EndProject
Project("{FAE04EC0-301F-11D3-BF4B-00C04F79EFBC}") = "UniGLTF.Utils", "UniGLTF.Utils.csproj", "{BAD4A8CC-EE06-859B-70F3-10FDE7B40C78}"
EndProject
Global
	GlobalSection(SolutionConfigurationPlatforms) = preSolution
		Debug|Any CPU = Debug|Any CPU
		Release|Any CPU = Release|Any CPU
	EndGlobalSection
	GlobalSection(ProjectConfigurationPlatforms) = postSolution
		{E13D6C1A-3765-811C-3E04-75C99A981766}.Debug|Any CPU.ActiveCfg = Debug|Any CPU
		{E13D6C1A-3765-811C-3E04-75C99A981766}.Debug|Any CPU.Build.0 = Debug|Any CPU
		{E13D6C1A-3765-811C-3E04-75C99A981766}.Release|Any CPU.ActiveCfg = Release|Any CPU
		{E13D6C1A-3765-811C-3E04-75C99A981766}.Release|Any CPU.Build.0 = Release|Any CPU
		{C638019F-A48F-9784-6C37-D8D0046E7E6E}.Debug|Any CPU.ActiveCfg = Debug|Any CPU
		{C638019F-A48F-9784-6C37-D8D0046E7E6E}.Debug|Any CPU.Build.0 = Debug|Any CPU
		{C638019F-A48F-9784-6C37-D8D0046E7E6E}.Release|Any CPU.ActiveCfg = Release|Any CPU
		{C638019F-A48F-9784-6C37-D8D0046E7E6E}.Release|Any CPU.Build.0 = Release|Any CPU
		{0E1E7C55-B6CF-8B7F-15EA-F82D1779EBCA}.Debug|Any CPU.ActiveCfg = Debug|Any CPU
		{0E1E7C55-B6CF-8B7F-15EA-F82D1779EBCA}.Debug|Any CPU.Build.0 = Debug|Any CPU
		{0E1E7C55-B6CF-8B7F-15EA-F82D1779EBCA}.Release|Any CPU.ActiveCfg = Release|Any CPU
		{0E1E7C55-B6CF-8B7F-15EA-F82D1779EBCA}.Release|Any CPU.Build.0 = Release|Any CPU
		{F068A770-47CC-A304-47B6-72A90C308A0F}.Debug|Any CPU.ActiveCfg = Debug|Any CPU
		{F068A770-47CC-A304-47B6-72A90C308A0F}.Debug|Any CPU.Build.0 = Debug|Any CPU
		{F068A770-47CC-A304-47B6-72A90C308A0F}.Release|Any CPU.ActiveCfg = Release|Any CPU
		{F068A770-47CC-A304-47B6-72A90C308A0F}.Release|Any CPU.Build.0 = Release|Any CPU
		{911A2756-D271-EFE0-8EE6-4A5A7FDF0E27}.Debug|Any CPU.ActiveCfg = Debug|Any CPU
		{911A2756-D271-EFE0-8EE6-4A5A7FDF0E27}.Debug|Any CPU.Build.0 = Debug|Any CPU
		{911A2756-D271-EFE0-8EE6-4A5A7FDF0E27}.Release|Any CPU.ActiveCfg = Release|Any CPU
		{911A2756-D271-EFE0-8EE6-4A5A7FDF0E27}.Release|Any CPU.Build.0 = Release|Any CPU
		{72EFF68A-F746-959E-9446-6557D82357CD}.Debug|Any CPU.ActiveCfg = Debug|Any CPU
		{72EFF68A-F746-959E-9446-6557D82357CD}.Debug|Any CPU.Build.0 = Debug|Any CPU
		{72EFF68A-F746-959E-9446-6557D82357CD}.Release|Any CPU.ActiveCfg = Release|Any CPU
		{72EFF68A-F746-959E-9446-6557D82357CD}.Release|Any CPU.Build.0 = Release|Any CPU
		{C73A509E-5FB9-9537-7449-CD016FB28CE8}.Debug|Any CPU.ActiveCfg = Debug|Any CPU
		{C73A509E-5FB9-9537-7449-CD016FB28CE8}.Debug|Any CPU.Build.0 = Debug|Any CPU
		{C73A509E-5FB9-9537-7449-CD016FB28CE8}.Release|Any CPU.ActiveCfg = Release|Any CPU
		{C73A509E-5FB9-9537-7449-CD016FB28CE8}.Release|Any CPU.Build.0 = Release|Any CPU
		{26CF6314-00A6-391E-BDC8-3AFA92019592}.Debug|Any CPU.ActiveCfg = Debug|Any CPU
		{26CF6314-00A6-391E-BDC8-3AFA92019592}.Debug|Any CPU.Build.0 = Debug|Any CPU
		{26CF6314-00A6-391E-BDC8-3AFA92019592}.Release|Any CPU.ActiveCfg = Release|Any CPU
		{26CF6314-00A6-391E-BDC8-3AFA92019592}.Release|Any CPU.Build.0 = Release|Any CPU
		{2F23F343-9350-5AEF-ABA6-DA9C6E4468CC}.Debug|Any CPU.ActiveCfg = Debug|Any CPU
		{2F23F343-9350-5AEF-ABA6-DA9C6E4468CC}.Debug|Any CPU.Build.0 = Debug|Any CPU
		{2F23F343-9350-5AEF-ABA6-DA9C6E4468CC}.Release|Any CPU.ActiveCfg = Release|Any CPU
		{2F23F343-9350-5AEF-ABA6-DA9C6E4468CC}.Release|Any CPU.Build.0 = Release|Any CPU
		{05FDDE06-CF47-A7FF-96D7-2FFC7F881E4F}.Debug|Any CPU.ActiveCfg = Debug|Any CPU
		{05FDDE06-CF47-A7FF-96D7-2FFC7F881E4F}.Debug|Any CPU.Build.0 = Debug|Any CPU
		{05FDDE06-CF47-A7FF-96D7-2FFC7F881E4F}.Release|Any CPU.ActiveCfg = Release|Any CPU
		{05FDDE06-CF47-A7FF-96D7-2FFC7F881E4F}.Release|Any CPU.Build.0 = Release|Any CPU
		{5AFFD762-F077-D029-C36B-7F3206C8B20F}.Debug|Any CPU.ActiveCfg = Debug|Any CPU
		{5AFFD762-F077-D029-C36B-7F3206C8B20F}.Debug|Any CPU.Build.0 = Debug|Any CPU
		{5AFFD762-F077-D029-C36B-7F3206C8B20F}.Release|Any CPU.ActiveCfg = Release|Any CPU
		{5AFFD762-F077-D029-C36B-7F3206C8B20F}.Release|Any CPU.Build.0 = Release|Any CPU
		{23638C4A-331E-6C05-939B-56B02EA17853}.Debug|Any CPU.ActiveCfg = Debug|Any CPU
		{23638C4A-331E-6C05-939B-56B02EA17853}.Debug|Any CPU.Build.0 = Debug|Any CPU
		{23638C4A-331E-6C05-939B-56B02EA17853}.Release|Any CPU.ActiveCfg = Release|Any CPU
		{23638C4A-331E-6C05-939B-56B02EA17853}.Release|Any CPU.Build.0 = Release|Any CPU
		{DAD67CA3-F6B8-B47D-A58E-6303CFB42D3E}.Debug|Any CPU.ActiveCfg = Debug|Any CPU
		{DAD67CA3-F6B8-B47D-A58E-6303CFB42D3E}.Debug|Any CPU.Build.0 = Debug|Any CPU
		{DAD67CA3-F6B8-B47D-A58E-6303CFB42D3E}.Release|Any CPU.ActiveCfg = Release|Any CPU
		{DAD67CA3-F6B8-B47D-A58E-6303CFB42D3E}.Release|Any CPU.Build.0 = Release|Any CPU
		{1374C9C5-DDC4-7EFB-3602-BE1BCCE483BE}.Debug|Any CPU.ActiveCfg = Debug|Any CPU
		{1374C9C5-DDC4-7EFB-3602-BE1BCCE483BE}.Debug|Any CPU.Build.0 = Debug|Any CPU
		{1374C9C5-DDC4-7EFB-3602-BE1BCCE483BE}.Release|Any CPU.ActiveCfg = Release|Any CPU
		{1374C9C5-DDC4-7EFB-3602-BE1BCCE483BE}.Release|Any CPU.Build.0 = Release|Any CPU
		{208D6F21-5224-3DCC-E034-922AF4DBD659}.Debug|Any CPU.ActiveCfg = Debug|Any CPU
		{208D6F21-5224-3DCC-E034-922AF4DBD659}.Debug|Any CPU.Build.0 = Debug|Any CPU
		{208D6F21-5224-3DCC-E034-922AF4DBD659}.Release|Any CPU.ActiveCfg = Release|Any CPU
		{208D6F21-5224-3DCC-E034-922AF4DBD659}.Release|Any CPU.Build.0 = Release|Any CPU
		{D5F162FD-7D4D-2332-558F-D856663123CA}.Debug|Any CPU.ActiveCfg = Debug|Any CPU
		{D5F162FD-7D4D-2332-558F-D856663123CA}.Debug|Any CPU.Build.0 = Debug|Any CPU
		{D5F162FD-7D4D-2332-558F-D856663123CA}.Release|Any CPU.ActiveCfg = Release|Any CPU
		{D5F162FD-7D4D-2332-558F-D856663123CA}.Release|Any CPU.Build.0 = Release|Any CPU
		{BAD4A8CC-EE06-859B-70F3-10FDE7B40C78}.Debug|Any CPU.ActiveCfg = Debug|Any CPU
		{BAD4A8CC-EE06-859B-70F3-10FDE7B40C78}.Debug|Any CPU.Build.0 = Debug|Any CPU
		{BAD4A8CC-EE06-859B-70F3-10FDE7B40C78}.Release|Any CPU.ActiveCfg = Release|Any CPU
		{BAD4A8CC-EE06-859B-70F3-10FDE7B40C78}.Release|Any CPU.Build.0 = Release|Any CPU
	EndGlobalSection
	GlobalSection(SolutionProperties) = preSolution
		HideSolutionNode = FALSE
	EndGlobalSection
EndGlobal
